
Microsoft Visual Studio Solution File, Format Version 12.00
# Visual Studio Version 17
VisualStudioVersion = 17.8.34330.188
MinimumVisualStudioVersion = 10.0.40219.1
Project("{FAE04EC0-301F-11D3-BF4B-00C04F79EFBC}") = "Day6", "Day6\Day6.csproj", "{07770DC5-27F1-4424-946E-BD4BE91C4FC1}"
EndProject
Global
	GlobalSection(SolutionConfigurationPlatforms) = preSolution
		Debug|Any CPU = Debug|Any CPU
		Release|Any CPU = Release|Any CPU
	EndGlobalSection
	GlobalSection(ProjectConfigurationPlatforms) = postSolution
		{07770DC5-27F1-4424-946E-BD4BE91C4FC1}.Debug|Any CPU.ActiveCfg = Debug|Any CPU
		{07770DC5-27F1-4424-946E-BD4BE91C4FC1}.Debug|Any CPU.Build.0 = Debug|Any CPU
		{07770DC5-27F1-4424-946E-BD4BE91C4FC1}.Release|Any CPU.ActiveCfg = Release|Any CPU
		{07770DC5-27F1-4424-946E-BD4BE91C4FC1}.Release|Any CPU.Build.0 = Release|Any CPU
	EndGlobalSection
	GlobalSection(SolutionProperties) = preSolution
		HideSolutionNode = FALSE
	EndGlobalSection
	GlobalSection(ExtensibilityGlobals) = postSolution
		SolutionGuid = {573CDA9D-577F-431A-B985-0B15027C90F5}
	EndGlobalSection
EndGlobal
