
Microsoft Visual Studio Solution File, Format Version 12.00
# Visual Studio Version 17
VisualStudioVersion = 17.8.34330.188
MinimumVisualStudioVersion = 10.0.40219.1
Project("{FAE04EC0-301F-11D3-BF4B-00C04F79EFBC}") = "Day12", "Day12\Day12.csproj", "{C59AB12C-8A86-4CE4-B2BA-9EFAF32B9CF6}"
EndProject
Global
	GlobalSection(SolutionConfigurationPlatforms) = preSolution
		Debug|Any CPU = Debug|Any CPU
		Release|Any CPU = Release|Any CPU
	EndGlobalSection
	GlobalSection(ProjectConfigurationPlatforms) = postSolution
		{C59AB12C-8A86-4CE4-B2BA-9EFAF32B9CF6}.Debug|Any CPU.ActiveCfg = Debug|Any CPU
		{C59AB12C-8A86-4CE4-B2BA-9EFAF32B9CF6}.Debug|Any CPU.Build.0 = Debug|Any CPU
		{C59AB12C-8A86-4CE4-B2BA-9EFAF32B9CF6}.Release|Any CPU.ActiveCfg = Release|Any CPU
		{C59AB12C-8A86-4CE4-B2BA-9EFAF32B9CF6}.Release|Any CPU.Build.0 = Release|Any CPU
	EndGlobalSection
	GlobalSection(SolutionProperties) = preSolution
		HideSolutionNode = FALSE
	EndGlobalSection
	GlobalSection(ExtensibilityGlobals) = postSolution
		SolutionGuid = {E6E6592A-753A-4489-92DF-481D232E44B1}
	EndGlobalSection
EndGlobal
